
Microsoft Visual Studio Solution File, Format Version 12.00
# Visual Studio Version 17
VisualStudioVersion = 17.13.35931.197 d17.13
MinimumVisualStudioVersion = 10.0.40219.1
Project("{FAE04EC0-301F-11D3-BF4B-00C04F79EFBC}") = "MudBlazor6", "MudBlazor6.csproj", "{ACC9F577-BAB7-404D-9B22-D96ACA1E92E5}"
EndProject
Global
	GlobalSection(SolutionConfigurationPlatforms) = preSolution
		Debug|Any CPU = Debug|Any CPU
		Release|Any CPU = Release|Any CPU
	EndGlobalSection
	GlobalSection(ProjectConfigurationPlatforms) = postSolution
		{ACC9F577-BAB7-404D-9B22-D96ACA1E92E5}.Debug|Any CPU.ActiveCfg = Debug|Any CPU
		{ACC9F577-BAB7-404D-9B22-D96ACA1E92E5}.Debug|Any CPU.Build.0 = Debug|Any CPU
		{ACC9F577-BAB7-404D-9B22-D96ACA1E92E5}.Release|Any CPU.ActiveCfg = Release|Any CPU
		{ACC9F577-BAB7-404D-9B22-D96ACA1E92E5}.Release|Any CPU.Build.0 = Release|Any CPU
	EndGlobalSection
	GlobalSection(SolutionProperties) = preSolution
		HideSolutionNode = FALSE
	EndGlobalSection
	GlobalSection(ExtensibilityGlobals) = postSolution
		SolutionGuid = {FDB5A1FB-C55A-4C62-BC62-B237167F18AF}
	EndGlobalSection
EndGlobal
